
Microsoft Visual Studio Solution File, Format Version 12.00
# Visual Studio 15
VisualStudioVersion = 15.0.27428.2002
MinimumVisualStudioVersion = 10.0.40219.1
Project("{FAE04EC0-301F-11D3-BF4B-00C04F79EFBC}") = "Protecc", "Protecc\Protecc.csproj", "{692B01EC-DA3B-4215-B91B-5A49C0CEEBC7}"
EndProject
Global
	GlobalSection(SolutionConfigurationPlatforms) = preSolution
		Debug|Any CPU = Debug|Any CPU
		Release|Any CPU = Release|Any CPU
	EndGlobalSection
	GlobalSection(ProjectConfigurationPlatforms) = postSolution
		{692B01EC-DA3B-4215-B91B-5A49C0CEEBC7}.Debug|Any CPU.ActiveCfg = Debug|Any CPU
		{692B01EC-DA3B-4215-B91B-5A49C0CEEBC7}.Debug|Any CPU.Build.0 = Debug|Any CPU
		{692B01EC-DA3B-4215-B91B-5A49C0CEEBC7}.Release|Any CPU.ActiveCfg = Release|Any CPU
		{692B01EC-DA3B-4215-B91B-5A49C0CEEBC7}.Release|Any CPU.Build.0 = Release|Any CPU
	EndGlobalSection
	GlobalSection(SolutionProperties) = preSolution
		HideSolutionNode = FALSE
	EndGlobalSection
	GlobalSection(ExtensibilityGlobals) = postSolution
		SolutionGuid = {6FD4E1EC-49D1-43E2-A92E-C82B075DDD83}
	EndGlobalSection
EndGlobal
